
Microsoft Visual Studio Solution File, Format Version 12.00
# Visual Studio Version 16
VisualStudioVersion = 16.0.30717.126
MinimumVisualStudioVersion = 10.0.40219.1
Project("{FAE04EC0-301F-11D3-BF4B-00C04F79EFBC}") = "modeless2", "modeless2\modeless2.csproj", "{9F22726D-593F-4A2C-B8F0-7D75417E5504}"
EndProject
Global
	GlobalSection(SolutionConfigurationPlatforms) = preSolution
		Debug|Any CPU = Debug|Any CPU
		Release|Any CPU = Release|Any CPU
	EndGlobalSection
	GlobalSection(ProjectConfigurationPlatforms) = postSolution
		{9F22726D-593F-4A2C-B8F0-7D75417E5504}.Debug|Any CPU.ActiveCfg = Debug|Any CPU
		{9F22726D-593F-4A2C-B8F0-7D75417E5504}.Debug|Any CPU.Build.0 = Debug|Any CPU
		{9F22726D-593F-4A2C-B8F0-7D75417E5504}.Release|Any CPU.ActiveCfg = Release|Any CPU
		{9F22726D-593F-4A2C-B8F0-7D75417E5504}.Release|Any CPU.Build.0 = Release|Any CPU
	EndGlobalSection
	GlobalSection(SolutionProperties) = preSolution
		HideSolutionNode = FALSE
	EndGlobalSection
	GlobalSection(ExtensibilityGlobals) = postSolution
		SolutionGuid = {52452515-09A9-4E70-987B-211E7A19FCD7}
	EndGlobalSection
EndGlobal
