
Microsoft Visual Studio Solution File, Format Version 12.00
# Visual Studio Version 16
VisualStudioVersion = 16.0.30717.126
MinimumVisualStudioVersion = 10.0.40219.1
Project("{FAE04EC0-301F-11D3-BF4B-00C04F79EFBC}") = "simpleValidation", "simpleValidation\simpleValidation.csproj", "{77FBC428-8ACD-445C-904C-7AB36F74C73B}"
EndProject
Global
	GlobalSection(SolutionConfigurationPlatforms) = preSolution
		Debug|Any CPU = Debug|Any CPU
		Release|Any CPU = Release|Any CPU
	EndGlobalSection
	GlobalSection(ProjectConfigurationPlatforms) = postSolution
		{77FBC428-8ACD-445C-904C-7AB36F74C73B}.Debug|Any CPU.ActiveCfg = Debug|Any CPU
		{77FBC428-8ACD-445C-904C-7AB36F74C73B}.Debug|Any CPU.Build.0 = Debug|Any CPU
		{77FBC428-8ACD-445C-904C-7AB36F74C73B}.Release|Any CPU.ActiveCfg = Release|Any CPU
		{77FBC428-8ACD-445C-904C-7AB36F74C73B}.Release|Any CPU.Build.0 = Release|Any CPU
	EndGlobalSection
	GlobalSection(SolutionProperties) = preSolution
		HideSolutionNode = FALSE
	EndGlobalSection
	GlobalSection(ExtensibilityGlobals) = postSolution
		SolutionGuid = {D0ACBCBE-0C82-46C8-9883-3437D50AF7EF}
	EndGlobalSection
EndGlobal
